// !$*UTF8*$!
{
	archiveVersion = 1;
	classes = {
	};
	objectVersion = 39;
	objects = {
		02345980000FD03B11CA0E72 = {
			children = (
				1870340FFE93FCAF11CA0CD7,
			);
			isa = PBXVariantGroup;
			name = main.nib;
			refType = 4;
			sourceTree = "<group>";
		};
//020
//021
//022
//023
//024
//080
//081
//082
//083
//084
		0867D6AAFE840B52C02AAC07 = {
			children = (
				0867D6ABFE840B52C02AAC07,
			);
			isa = PBXVariantGroup;
			name = InfoPlist.strings;
			refType = 4;
			sourceTree = "<group>";
		};
		0867D6ABFE840B52C02AAC07 = {
			fileEncoding = 10;
			isa = PBXFileReference;
			lastKnownFileType = text.plist.strings;
			name = English;
			path = English.lproj/InfoPlist.strings;
			refType = 4;
			sourceTree = "<group>";
		};
//080
//081
//082
//083
//084
//180
//181
//182
//183
//184
		1870340FFE93FCAF11CA0CD7 = {
			isa = PBXFileReference;
			lastKnownFileType = wrapper.nib;
			name = English;
			path = English.lproj/main.nib;
			refType = 4;
			sourceTree = "<group>";
		};
//180
//181
//182
//183
//184
//190
//191
//192
//193
//194
		195DF8CFFE9D517E11CA2CBB = {
			children = (
				4F94F0B807B309C800AE9F13,
			);
			isa = PBXGroup;
			name = Products;
			refType = 4;
			sourceTree = "<group>";
		};
//190
//191
//192
//193
//194
//200
//201
//202
//203
//204
		20286C28FDCF999611CA2CEA = {
			buildSettings = {
			};
			buildStyles = (
				4A9504C5FFE6A39111CA0CBA,
				4A9504C6FFE6A39111CA0CBA,
			);
			hasScannedForEncodings = 1;
			isa = PBXProject;
			mainGroup = 20286C29FDCF999611CA2CEA;
			projectDirPath = "";
			targets = (
				4F94F09507B309C800AE9F13,
			);
		};
		20286C29FDCF999611CA2CEA = {
			children = (
				60338D32034E58810BCA0CB8,
				20286C2AFDCF999611CA2CEA,
				20286C2CFDCF999611CA2CEA,
				20286C32FDCF999611CA2CEA,
				195DF8CFFE9D517E11CA2CBB,
				4F94F0B707B309C800AE9F13,
			);
			isa = PBXGroup;
			name = SplitView;
			path = "";
			refType = 4;
			sourceTree = "<group>";
		};
		20286C2AFDCF999611CA2CEA = {
			children = (
				608F71A302F7582E0BCA0CB8,
				6067687102FB2AA10BCA0CB8,
				6067687202FB2AA10BCA0CB8,
				600136D502FF33C90BCA0CB8,
				600136D602FF33C90BCA0CB8,
				60DED2FD030194D40BCA0CB8,
			);
			isa = PBXGroup;
			name = Sources;
			path = "";
			refType = 4;
			sourceTree = "<group>";
		};
		20286C2CFDCF999611CA2CEA = {
			children = (
				0867D6AAFE840B52C02AAC07,
				02345980000FD03B11CA0E72,
				60DED2A903007FBF0BCA0CB8,
			);
			isa = PBXGroup;
			name = Resources;
			path = "";
			refType = 4;
			sourceTree = "<group>";
		};
		20286C32FDCF999611CA2CEA = {
			children = (
				20286C33FDCF999611CA2CEA,
				4A9504CAFFE6A41611CA0CBA,
				4A9504C8FFE6A3BC11CA0CBA,
			);
			isa = PBXGroup;
			name = "External Frameworks and Libraries";
			path = "";
			refType = 4;
			sourceTree = "<group>";
		};
		20286C33FDCF999611CA2CEA = {
			isa = PBXFileReference;
			lastKnownFileType = wrapper.framework;
			name = Carbon.framework;
			path = /System/Library/Frameworks/Carbon.framework;
			refType = 0;
			sourceTree = "<absolute>";
		};
//200
//201
//202
//203
//204
//330
//331
//332
//333
//334
		332478970690CCF100AAEC61 = {
			fileEncoding = 30;
			isa = PBXFileReference;
			lastKnownFileType = sourcecode.c.h;
			name = HIFramework.h;
			path = ../HIFramework/HIFramework.h;
			refType = 4;
			sourceTree = "<group>";
		};
		332478980690CCF100AAEC61 = {
			fileEncoding = 30;
			isa = PBXFileReference;
			lastKnownFileType = sourcecode.cpp.cpp;
			name = TEventHandler.cp;
			path = ../HIFramework/TEventHandler.cp;
			refType = 4;
			sourceTree = "<group>";
		};
		332478990690CCF100AAEC61 = {
			fileEncoding = 30;
			isa = PBXFileReference;
			lastKnownFileType = sourcecode.c.h;
			name = TEventHandler.h;
			path = ../HIFramework/TEventHandler.h;
			refType = 4;
			sourceTree = "<group>";
		};
//330
//331
//332
//333
//334
//4A0
//4A1
//4A2
//4A3
//4A4
		4A9504C5FFE6A39111CA0CBA = {
			buildSettings = {
				COPY_PHASE_STRIP = NO;
				GCC_DYNAMIC_NO_PIC = NO;
				GCC_ENABLE_FIX_AND_CONTINUE = YES;
				GCC_GENERATE_DEBUGGING_SYMBOLS = YES;
				GCC_OPTIMIZATION_LEVEL = 0;
				OPTIMIZATION_CFLAGS = "-O0";
				OTHER_CFLAGS = "-DDEBUG";
				ZERO_LINK = YES;
			};
			isa = PBXBuildStyle;
			name = Development;
		};
		4A9504C6FFE6A39111CA0CBA = {
			buildSettings = {
				COPY_PHASE_STRIP = YES;
				GCC_ENABLE_FIX_AND_CONTINUE = NO;
				ZERO_LINK = NO;
			};
			isa = PBXBuildStyle;
			name = Deployment;
		};
		4A9504C8FFE6A3BC11CA0CBA = {
			isa = PBXFileReference;
			lastKnownFileType = wrapper.framework;
			name = ApplicationServices.framework;
			path = /System/Library/Frameworks/ApplicationServices.framework;
			refType = 0;
			sourceTree = "<absolute>";
		};
		4A9504CAFFE6A41611CA0CBA = {
			isa = PBXFileReference;
			lastKnownFileType = wrapper.framework;
			name = CoreServices.framework;
			path = /System/Library/Frameworks/CoreServices.framework;
			refType = 0;
			sourceTree = "<absolute>";
		};
//4A0
//4A1
//4A2
//4A3
//4A4
//4F0
//4F1
//4F2
//4F3
//4F4
		4F94F09507B309C800AE9F13 = {
			buildPhases = (
				4F94F09607B309C800AE9F13,
				4F94F09F07B309C800AE9F13,
				4F94F0AB07B309C800AE9F13,
				4F94F0B407B309C800AE9F13,
				4F94F0B607B309C800AE9F13,
			);
			buildRules = (
			);
			buildSettings = {
				FRAMEWORK_SEARCH_PATHS = "";
				HEADER_SEARCH_PATHS = "";
				INFOPLIST_FILE = "Info-SplitView.plist";
				INSTALL_PATH = "$(LOCAL_DEVELOPER_DIR)/Demos";
				LIBRARY_SEARCH_PATHS = "";
				OTHER_CFLAGS = "";
				OTHER_LDFLAGS = "";
				OTHER_REZFLAGS = "";
				PRODUCT_NAME = SplitView;
				SECTORDER_FLAGS = "";
				WARNING_CFLAGS = "-Wmost -Wno-four-char-constants -Wno-unknown-pragmas";
				WRAPPER_EXTENSION = app;
			};
			dependencies = (
			);
			isa = PBXNativeTarget;
			name = SplitView;
			productInstallPath = "$(LOCAL_DEVELOPER_DIR)/Demos";
			productName = SplitView;
			productReference = 4F94F0B807B309C800AE9F13;
			productType = "com.apple.product-type.application";
		};
		4F94F09607B309C800AE9F13 = {
			buildActionMask = 2147483647;
			files = (
				4F94F09707B309C800AE9F13,
				4F94F09807B309C800AE9F13,
				4F94F09907B309C800AE9F13,
				4F94F09A07B309C800AE9F13,
				4F94F09B07B309C800AE9F13,
				4F94F09C07B309C800AE9F13,
				4F94F09D07B309C800AE9F13,
				4F94F09E07B309C800AE9F13,
			);
			isa = PBXHeadersBuildPhase;
			runOnlyForDeploymentPostprocessing = 0;
		};
		4F94F09707B309C800AE9F13 = {
			fileRef = 60B8C02302F9E9330BCA0CB8;
			isa = PBXBuildFile;
			settings = {
			};
		};
		4F94F09807B309C800AE9F13 = {
			fileRef = 60B8C02502F9E9330BCA0CB8;
			isa = PBXBuildFile;
			settings = {
			};
		};
		4F94F09907B309C800AE9F13 = {
			fileRef = 6067687202FB2AA10BCA0CB8;
			isa = PBXBuildFile;
			settings = {
			};
		};
		4F94F09A07B309C800AE9F13 = {
			fileRef = 600136D602FF33C90BCA0CB8;
			isa = PBXBuildFile;
			settings = {
			};
		};
		4F94F09B07B309C800AE9F13 = {
			fileRef = 608B18D003062AAE0B0E99A4;
			isa = PBXBuildFile;
			settings = {
			};
		};
		4F94F09C07B309C800AE9F13 = {
			fileRef = 6029BEB403F9CEE50BFF4F4D;
			isa = PBXBuildFile;
			settings = {
			};
		};
		4F94F09D07B309C800AE9F13 = {
			fileRef = 332478970690CCF100AAEC61;
			isa = PBXBuildFile;
			settings = {
			};
		};
		4F94F09E07B309C800AE9F13 = {
			fileRef = 332478990690CCF100AAEC61;
			isa = PBXBuildFile;
			settings = {
			};
		};
		4F94F09F07B309C800AE9F13 = {
			buildActionMask = 2147483647;
			files = (
				4F94F0A007B309C800AE9F13,
				4F94F0A107B309C800AE9F13,
				4F94F0A207B309C800AE9F13,
				4F94F0A307B309C800AE9F13,
				4F94F0A407B309C800AE9F13,
				4F94F0A507B309C800AE9F13,
				4F94F0A607B309C800AE9F13,
				4F94F0A707B309C800AE9F13,
				4F94F0A807B309C800AE9F13,
				4F94F0A907B309C800AE9F13,
				4F94F0AA07B309C800AE9F13,
			);
			isa = PBXResourcesBuildPhase;
			runOnlyForDeploymentPostprocessing = 0;
		};
		4F94F0A007B309C800AE9F13 = {
			fileRef = 0867D6AAFE840B52C02AAC07;
			isa = PBXBuildFile;
			settings = {
			};
		};
		4F94F0A107B309C800AE9F13 = {
			fileRef = 02345980000FD03B11CA0E72;
			isa = PBXBuildFile;
			settings = {
			};
		};
		4F94F0A207B309C800AE9F13 = {
			fileRef = 60DED2AA03007FBF0BCA0CB8;
			isa = PBXBuildFile;
			settings = {
			};
		};
		4F94F0A307B309C800AE9F13 = {
			fileRef = 60DED2AB03007FBF0BCA0CB8;
			isa = PBXBuildFile;
			settings = {
			};
		};
		4F94F0A407B309C800AE9F13 = {
			fileRef = 60DED2AC03007FBF0BCA0CB8;
			isa = PBXBuildFile;
			settings = {
			};
		};
		4F94F0A507B309C800AE9F13 = {
			fileRef = 60DED2AD03007FBF0BCA0CB8;
			isa = PBXBuildFile;
			settings = {
			};
		};
		4F94F0A607B309C800AE9F13 = {
			fileRef = 60DED2AE03007FBF0BCA0CB8;
			isa = PBXBuildFile;
			settings = {
			};
		};
		4F94F0A707B309C800AE9F13 = {
			fileRef = 60DED2AF03007FBF0BCA0CB8;
			isa = PBXBuildFile;
			settings = {
			};
		};
		4F94F0A807B309C800AE9F13 = {
			fileRef = 60DED2B003007FBF0BCA0CB8;
			isa = PBXBuildFile;
			settings = {
			};
		};
		4F94F0A907B309C800AE9F13 = {
			fileRef = 60DED2B103007FBF0BCA0CB8;
			isa = PBXBuildFile;
			settings = {
			};
		};
		4F94F0AA07B309C800AE9F13 = {
			fileRef = 60338D32034E58810BCA0CB8;
			isa = PBXBuildFile;
			settings = {
			};
		};
		4F94F0AB07B309C800AE9F13 = {
			buildActionMask = 2147483647;
			files = (
				4F94F0AC07B309C800AE9F13,
				4F94F0AD07B309C800AE9F13,
				4F94F0AE07B309C800AE9F13,
				4F94F0AF07B309C800AE9F13,
				4F94F0B007B309C800AE9F13,
				4F94F0B107B309C800AE9F13,
				4F94F0B207B309C800AE9F13,
				4F94F0B307B309C800AE9F13,
			);
			isa = PBXSourcesBuildPhase;
			runOnlyForDeploymentPostprocessing = 0;
		};
		4F94F0AC07B309C800AE9F13 = {
			fileRef = 60B8C02202F9E9330BCA0CB8;
			isa = PBXBuildFile;
			settings = {
			};
		};
		4F94F0AD07B309C800AE9F13 = {
			fileRef = 60B8C02402F9E9330BCA0CB8;
			isa = PBXBuildFile;
			settings = {
			};
		};
		4F94F0AE07B309C800AE9F13 = {
			fileRef = 6067687102FB2AA10BCA0CB8;
			isa = PBXBuildFile;
			settings = {
			};
		};
		4F94F0AF07B309C800AE9F13 = {
			fileRef = 600136D502FF33C90BCA0CB8;
			isa = PBXBuildFile;
			settings = {
			};
		};
		4F94F0B007B309C800AE9F13 = {
			fileRef = 608B18D103062AAE0B0E99A4;
			isa = PBXBuildFile;
			settings = {
			};
		};
		4F94F0B107B309C800AE9F13 = {
			fileRef = 608F71A302F7582E0BCA0CB8;
			isa = PBXBuildFile;
			settings = {
			};
		};
		4F94F0B207B309C800AE9F13 = {
			fileRef = 6029BEB303F9CEE50BFF4F4D;
			isa = PBXBuildFile;
			settings = {
			};
		};
		4F94F0B307B309C800AE9F13 = {
			fileRef = 332478980690CCF100AAEC61;
			isa = PBXBuildFile;
			settings = {
			};
		};
		4F94F0B407B309C800AE9F13 = {
			buildActionMask = 2147483647;
			files = (
				4F94F0B507B309C800AE9F13,
			);
			isa = PBXFrameworksBuildPhase;
			runOnlyForDeploymentPostprocessing = 0;
		};
		4F94F0B507B309C800AE9F13 = {
			fileRef = 20286C33FDCF999611CA2CEA;
			isa = PBXBuildFile;
			settings = {
			};
		};
		4F94F0B607B309C800AE9F13 = {
			buildActionMask = 2147483647;
			files = (
			);
			isa = PBXRezBuildPhase;
			runOnlyForDeploymentPostprocessing = 0;
		};
		4F94F0B707B309C800AE9F13 = {
			isa = PBXFileReference;
			lastKnownFileType = text.xml;
			path = "Info-SplitView.plist";
			refType = 4;
			sourceTree = "<group>";
		};
		4F94F0B807B309C800AE9F13 = {
			explicitFileType = wrapper.application;
			includeInIndex = 0;
			isa = PBXFileReference;
			path = SplitView.app;
			refType = 3;
			sourceTree = BUILT_PRODUCTS_DIR;
		};
//4F0
//4F1
//4F2
//4F3
//4F4
//600
//601
//602
//603
//604
		600136D502FF33C90BCA0CB8 = {
			fileEncoding = 30;
			isa = PBXFileReference;
			lastKnownFileType = sourcecode.cpp.cpp;
			name = TClockView.cp;
			path = ../ClockView/TClockView.cp;
			refType = 2;
			sourceTree = SOURCE_ROOT;
		};
		600136D602FF33C90BCA0CB8 = {
			fileEncoding = 30;
			isa = PBXFileReference;
			lastKnownFileType = sourcecode.c.h;
			name = TClockView.h;
			path = ../ClockView/TClockView.h;
			refType = 2;
			sourceTree = SOURCE_ROOT;
		};
		6029BEB303F9CEE50BFF4F4D = {
			fileEncoding = 30;
			isa = PBXFileReference;
			lastKnownFileType = sourcecode.cpp.cpp;
			name = TObject.cp;
			path = ../HIFramework/TObject.cp;
			refType = 2;
			sourceTree = SOURCE_ROOT;
		};
		6029BEB403F9CEE50BFF4F4D = {
			fileEncoding = 30;
			isa = PBXFileReference;
			lastKnownFileType = sourcecode.c.h;
			name = TObject.h;
			path = ../HIFramework/TObject.h;
			refType = 2;
			sourceTree = SOURCE_ROOT;
		};
		60338D32034E58810BCA0CB8 = {
			isa = PBXFileReference;
			lastKnownFileType = text.rtf;
			path = README.rtf;
			refType = 4;
			sourceTree = "<group>";
		};
		6067687102FB2AA10BCA0CB8 = {
			fileEncoding = 30;
			isa = PBXFileReference;
			lastKnownFileType = sourcecode.cpp.cpp;
			path = SplitView.cp;
			refType = 4;
			sourceTree = "<group>";
		};
		6067687202FB2AA10BCA0CB8 = {
			fileEncoding = 30;
			isa = PBXFileReference;
			lastKnownFileType = sourcecode.c.h;
			path = SplitView.h;
			refType = 4;
			sourceTree = "<group>";
		};
		608B18D003062AAE0B0E99A4 = {
			fileEncoding = 30;
			isa = PBXFileReference;
			lastKnownFileType = sourcecode.c.h;
			name = TRect.h;
			path = ../HIFramework/TRect.h;
			refType = 2;
			sourceTree = SOURCE_ROOT;
		};
		608B18D103062AAE0B0E99A4 = {
			fileEncoding = 30;
			isa = PBXFileReference;
			lastKnownFileType = sourcecode.cpp.cpp;
			name = TRect.cp;
			path = ../HIFramework/TRect.cp;
			refType = 2;
			sourceTree = SOURCE_ROOT;
		};
		608F71A302F7582E0BCA0CB8 = {
			fileEncoding = 30;
			isa = PBXFileReference;
			lastKnownFileType = sourcecode.cpp.cpp;
			path = main.cp;
			refType = 4;
			sourceTree = "<group>";
		};
		60B8C02202F9E9330BCA0CB8 = {
			fileEncoding = 30;
			isa = PBXFileReference;
			lastKnownFileType = sourcecode.cpp.cpp;
			name = TCarbonEvent.cp;
			path = ../HIFramework/TCarbonEvent.cp;
			refType = 2;
			sourceTree = SOURCE_ROOT;
		};
		60B8C02302F9E9330BCA0CB8 = {
			fileEncoding = 30;
			isa = PBXFileReference;
			lastKnownFileType = sourcecode.c.h;
			name = TCarbonEvent.h;
			path = ../HIFramework/TCarbonEvent.h;
			refType = 2;
			sourceTree = SOURCE_ROOT;
		};
		60B8C02402F9E9330BCA0CB8 = {
			fileEncoding = 30;
			isa = PBXFileReference;
			lastKnownFileType = sourcecode.cpp.cpp;
			name = TView.cp;
			path = ../HIFramework/TView.cp;
			refType = 2;
			sourceTree = SOURCE_ROOT;
		};
		60B8C02502F9E9330BCA0CB8 = {
			fileEncoding = 30;
			isa = PBXFileReference;
			lastKnownFileType = sourcecode.c.h;
			name = TView.h;
			path = ../HIFramework/TView.h;
			refType = 2;
			sourceTree = SOURCE_ROOT;
		};
		60DED2A903007FBF0BCA0CB8 = {
			children = (
				60DED2AA03007FBF0BCA0CB8,
				60DED2AB03007FBF0BCA0CB8,
				60DED2AC03007FBF0BCA0CB8,
				60DED2AD03007FBF0BCA0CB8,
				60DED2AE03007FBF0BCA0CB8,
				60DED2AF03007FBF0BCA0CB8,
				60DED2B003007FBF0BCA0CB8,
				60DED2B103007FBF0BCA0CB8,
			);
			isa = PBXGroup;
			path = Images;
			refType = 4;
			sourceTree = "<group>";
		};
		60DED2AA03007FBF0BCA0CB8 = {
			isa = PBXFileReference;
			lastKnownFileType = image.png;
			path = HRidges.png;
			refType = 4;
			sourceTree = "<group>";
		};
		60DED2AB03007FBF0BCA0CB8 = {
			isa = PBXFileReference;
			lastKnownFileType = image.png;
			path = HRidgesDisabled.png;
			refType = 4;
			sourceTree = "<group>";
		};
		60DED2AC03007FBF0BCA0CB8 = {
			isa = PBXFileReference;
			lastKnownFileType = image.png;
			path = HSplitter.png;
			refType = 4;
			sourceTree = "<group>";
		};
		60DED2AD03007FBF0BCA0CB8 = {
			isa = PBXFileReference;
			lastKnownFileType = image.png;
			path = HSplitterDisabled.png;
			refType = 4;
			sourceTree = "<group>";
		};
		60DED2AE03007FBF0BCA0CB8 = {
			isa = PBXFileReference;
			lastKnownFileType = image.png;
			path = VRidges.png;
			refType = 4;
			sourceTree = "<group>";
		};
		60DED2AF03007FBF0BCA0CB8 = {
			isa = PBXFileReference;
			lastKnownFileType = image.png;
			path = VRidgesDisabled.png;
			refType = 4;
			sourceTree = "<group>";
		};
		60DED2B003007FBF0BCA0CB8 = {
			isa = PBXFileReference;
			lastKnownFileType = image.png;
			path = VSplitter.png;
			refType = 4;
			sourceTree = "<group>";
		};
		60DED2B103007FBF0BCA0CB8 = {
			isa = PBXFileReference;
			lastKnownFileType = image.png;
			path = VSplitterDisabled.png;
			refType = 4;
			sourceTree = "<group>";
		};
		60DED2FD030194D40BCA0CB8 = {
			children = (
				332478970690CCF100AAEC61,
				60B8C02202F9E9330BCA0CB8,
				60B8C02302F9E9330BCA0CB8,
				332478980690CCF100AAEC61,
				332478990690CCF100AAEC61,
				6029BEB303F9CEE50BFF4F4D,
				6029BEB403F9CEE50BFF4F4D,
				608B18D003062AAE0B0E99A4,
				608B18D103062AAE0B0E99A4,
				60B8C02402F9E9330BCA0CB8,
				60B8C02502F9E9330BCA0CB8,
			);
			isa = PBXGroup;
			name = HIFramework;
			path = "";
			refType = 4;
			sourceTree = "<group>";
		};
	};
	rootObject = 20286C28FDCF999611CA2CEA;
}
